<?xml version="1.0" encoding="UTF-8"?>
<Solution>
	<Configurations>
		<BuildType Name="Debug"/>
		<BuildType Name="Release"/>
		<BuildType Name="MinSizeRel"/>
		<BuildType Name="RelWithDebInfo"/>
		<Platform Name="x64"/>
	</Configurations>
	<Project Path="Kalamari.vcxproj" Type="8bc9ceb8-8b4a-11d0-8d11-00a0c91bc942" Id="7b2d6bde-4928-3e80-9b99-c258bb798495">
		<BuildDependency Project="_deps/sdl3-build/SDL3-shared.vcxproj"/>
		<BuildDependency Project="ZERO_CHECK.vcxproj"/>
		<BuildDependency Project="_deps/sentry-build/crashpad_build/client/crashpad_client.vcxproj"/>
		<BuildDependency Project="_deps/sentry-build/crashpad_build/compat/crashpad_compat.vcxproj"/>
		<BuildDependency Project="_deps/sentry-build/crashpad_build/third_party/mpack/crashpad_mpack.vcxproj"/>
		<BuildDependency Project="_deps/sentry-build/crashpad_build/util/crashpad_util.vcxproj"/>
		<BuildDependency Project="_deps/sentry-build/crashpad_build/third_party/zlib/crashpad_zlib.vcxproj"/>
		<BuildDependency Project="imgui_lib.vcxproj"/>
		<BuildDependency Project="_deps/sentry-build/crashpad_build/third_party/mini_chromium/mini_chromium.vcxproj"/>
		<BuildDependency Project="_deps/sentry-build/sentry.vcxproj"/>
	</Project>
	<Project Path="_deps/sdl3-build/SDL3-shared.vcxproj" Type="8bc9ceb8-8b4a-11d0-8d11-00a0c91bc942" Id="a5516a0e-a212-3dc0-92da-6831819a0aa7">
		<BuildDependency Project="_deps/sdl3-build/SDL_uclibc.vcxproj"/>
		<BuildDependency Project="ZERO_CHECK.vcxproj"/>
	</Project>
	<Project Path="_deps/sdl3-build/SDL3_test.vcxproj" Type="8bc9ceb8-8b4a-11d0-8d11-00a0c91bc942" Id="1b99d359-3b1f-3939-86b2-1e77f07d3e55">
		<BuildDependency Project="ZERO_CHECK.vcxproj"/>
	</Project>
	<Project Path="_deps/sdl3-build/SDL_uclibc.vcxproj" Type="8bc9ceb8-8b4a-11d0-8d11-00a0c91bc942" Id="3d3c9cc9-8bbb-3a10-98ca-757e8610be36">
		<BuildDependency Project="ZERO_CHECK.vcxproj"/>
	</Project>
	<Project Path="_deps/sentry-build/crashpad_build/client/crashpad_client.vcxproj" Type="8bc9ceb8-8b4a-11d0-8d11-00a0c91bc942" Id="7b7dcb65-ac08-329c-b5d4-5764dd7058cb">
		<BuildDependency Project="ZERO_CHECK.vcxproj"/>
		<BuildDependency Project="_deps/sentry-build/crashpad_build/compat/crashpad_compat.vcxproj"/>
		<BuildDependency Project="_deps/sentry-build/crashpad_build/third_party/mpack/crashpad_mpack.vcxproj"/>
		<BuildDependency Project="_deps/sentry-build/crashpad_build/util/crashpad_util.vcxproj"/>
		<BuildDependency Project="_deps/sentry-build/crashpad_build/third_party/zlib/crashpad_zlib.vcxproj"/>
		<BuildDependency Project="_deps/sentry-build/crashpad_build/third_party/mini_chromium/mini_chromium.vcxproj"/>
	</Project>
	<Project Path="_deps/sentry-build/crashpad_build/compat/crashpad_compat.vcxproj" Type="8bc9ceb8-8b4a-11d0-8d11-00a0c91bc942" Id="635e258d-27e1-3eb5-9b4f-b2c788d556d6">
		<BuildDependency Project="ZERO_CHECK.vcxproj"/>
	</Project>
	<Project Path="_deps/sentry-build/crashpad_build/third_party/getopt/crashpad_getopt.vcxproj" Type="8bc9ceb8-8b4a-11d0-8d11-00a0c91bc942" Id="39631632-dbd1-3889-bb3d-1ed35695e2fc">
		<BuildDependency Project="ZERO_CHECK.vcxproj"/>
	</Project>
	<Project Path="_deps/sentry-build/crashpad_build/handler/crashpad_handler.vcxproj" Type="8bc9ceb8-8b4a-11d0-8d11-00a0c91bc942" Id="dae78d23-34a0-3ed5-9774-3c428e416738">
		<BuildDependency Project="ZERO_CHECK.vcxproj"/>
		<BuildDependency Project="_deps/sentry-build/crashpad_build/client/crashpad_client.vcxproj"/>
		<BuildDependency Project="_deps/sentry-build/crashpad_build/compat/crashpad_compat.vcxproj"/>
		<BuildDependency Project="_deps/sentry-build/crashpad_build/third_party/getopt/crashpad_getopt.vcxproj"/>
		<BuildDependency Project="_deps/sentry-build/crashpad_build/handler/crashpad_handler_lib.vcxproj"/>
		<BuildDependency Project="_deps/sentry-build/crashpad_build/minidump/crashpad_minidump.vcxproj"/>
		<BuildDependency Project="_deps/sentry-build/crashpad_build/third_party/mpack/crashpad_mpack.vcxproj"/>
		<BuildDependency Project="_deps/sentry-build/crashpad_build/snapshot/crashpad_snapshot.vcxproj"/>
		<BuildDependency Project="_deps/sentry-build/crashpad_build/tools/crashpad_tools.vcxproj"/>
		<BuildDependency Project="_deps/sentry-build/crashpad_build/util/crashpad_util.vcxproj"/>
		<BuildDependency Project="_deps/sentry-build/crashpad_build/third_party/zlib/crashpad_zlib.vcxproj"/>
		<BuildDependency Project="_deps/sentry-build/crashpad_build/third_party/mini_chromium/mini_chromium.vcxproj"/>
	</Project>
	<Project Path="_deps/sentry-build/crashpad_build/handler/crashpad_handler_lib.vcxproj" Type="8bc9ceb8-8b4a-11d0-8d11-00a0c91bc942" Id="e9096c68-f0d0-3e15-9811-bcb1955a1cb2">
		<BuildDependency Project="ZERO_CHECK.vcxproj"/>
		<BuildDependency Project="_deps/sentry-build/crashpad_build/client/crashpad_client.vcxproj"/>
		<BuildDependency Project="_deps/sentry-build/crashpad_build/compat/crashpad_compat.vcxproj"/>
		<BuildDependency Project="_deps/sentry-build/crashpad_build/third_party/getopt/crashpad_getopt.vcxproj"/>
		<BuildDependency Project="_deps/sentry-build/crashpad_build/minidump/crashpad_minidump.vcxproj"/>
		<BuildDependency Project="_deps/sentry-build/crashpad_build/third_party/mpack/crashpad_mpack.vcxproj"/>
		<BuildDependency Project="_deps/sentry-build/crashpad_build/snapshot/crashpad_snapshot.vcxproj"/>
		<BuildDependency Project="_deps/sentry-build/crashpad_build/util/crashpad_util.vcxproj"/>
		<BuildDependency Project="_deps/sentry-build/crashpad_build/third_party/zlib/crashpad_zlib.vcxproj"/>
		<BuildDependency Project="_deps/sentry-build/crashpad_build/third_party/mini_chromium/mini_chromium.vcxproj"/>
	</Project>
	<Project Path="_deps/sentry-build/crashpad_build/minidump/crashpad_minidump.vcxproj" Type="8bc9ceb8-8b4a-11d0-8d11-00a0c91bc942" Id="c38ac4a4-e3c7-37c4-98ac-184b26519b21">
		<BuildDependency Project="ZERO_CHECK.vcxproj"/>
		<BuildDependency Project="_deps/sentry-build/crashpad_build/client/crashpad_client.vcxproj"/>
		<BuildDependency Project="_deps/sentry-build/crashpad_build/compat/crashpad_compat.vcxproj"/>
		<BuildDependency Project="_deps/sentry-build/crashpad_build/third_party/mpack/crashpad_mpack.vcxproj"/>
		<BuildDependency Project="_deps/sentry-build/crashpad_build/snapshot/crashpad_snapshot.vcxproj"/>
		<BuildDependency Project="_deps/sentry-build/crashpad_build/util/crashpad_util.vcxproj"/>
		<BuildDependency Project="_deps/sentry-build/crashpad_build/third_party/zlib/crashpad_zlib.vcxproj"/>
		<BuildDependency Project="_deps/sentry-build/crashpad_build/third_party/mini_chromium/mini_chromium.vcxproj"/>
	</Project>
	<Project Path="_deps/sentry-build/crashpad_build/third_party/mpack/crashpad_mpack.vcxproj" Type="8bc9ceb8-8b4a-11d0-8d11-00a0c91bc942" Id="fce47100-51ff-3444-ad8a-c0643a1e6930">
		<BuildDependency Project="ZERO_CHECK.vcxproj"/>
	</Project>
	<Project Path="_deps/sentry-build/crashpad_build/snapshot/crashpad_snapshot.vcxproj" Type="8bc9ceb8-8b4a-11d0-8d11-00a0c91bc942" Id="856cec03-a823-3198-8100-3176abd8324f">
		<BuildDependency Project="ZERO_CHECK.vcxproj"/>
		<BuildDependency Project="_deps/sentry-build/crashpad_build/client/crashpad_client.vcxproj"/>
		<BuildDependency Project="_deps/sentry-build/crashpad_build/compat/crashpad_compat.vcxproj"/>
		<BuildDependency Project="_deps/sentry-build/crashpad_build/third_party/mpack/crashpad_mpack.vcxproj"/>
		<BuildDependency Project="_deps/sentry-build/crashpad_build/util/crashpad_util.vcxproj"/>
		<BuildDependency Project="_deps/sentry-build/crashpad_build/third_party/zlib/crashpad_zlib.vcxproj"/>
		<BuildDependency Project="_deps/sentry-build/crashpad_build/third_party/mini_chromium/mini_chromium.vcxproj"/>
	</Project>
	<Project Path="_deps/sentry-build/crashpad_build/tools/crashpad_tools.vcxproj" Type="8bc9ceb8-8b4a-11d0-8d11-00a0c91bc942" Id="2d2582c6-19dc-366c-a796-08802466add4">
		<BuildDependency Project="ZERO_CHECK.vcxproj"/>
	</Project>
	<Project Path="_deps/sentry-build/crashpad_build/util/crashpad_util.vcxproj" Type="8bc9ceb8-8b4a-11d0-8d11-00a0c91bc942" Id="2768da12-b3c7-3f33-a5a4-677b20625777">
		<BuildDependency Project="ZERO_CHECK.vcxproj"/>
		<BuildDependency Project="_deps/sentry-build/crashpad_build/compat/crashpad_compat.vcxproj"/>
		<BuildDependency Project="_deps/sentry-build/crashpad_build/third_party/mpack/crashpad_mpack.vcxproj"/>
		<BuildDependency Project="_deps/sentry-build/crashpad_build/third_party/zlib/crashpad_zlib.vcxproj"/>
		<BuildDependency Project="_deps/sentry-build/crashpad_build/third_party/mini_chromium/mini_chromium.vcxproj"/>
	</Project>
	<Project Path="_deps/sentry-build/crashpad_build/handler/crashpad_wer.vcxproj" Type="8bc9ceb8-8b4a-11d0-8d11-00a0c91bc942" Id="cff71101-5b6a-3cdb-80ef-a5fe156cfd76">
		<BuildDependency Project="ZERO_CHECK.vcxproj"/>
		<BuildDependency Project="_deps/sentry-build/crashpad_build/compat/crashpad_compat.vcxproj"/>
	</Project>
	<Project Path="_deps/sentry-build/crashpad_build/third_party/zlib/crashpad_zlib.vcxproj" Type="8bc9ceb8-8b4a-11d0-8d11-00a0c91bc942" Id="d66edb88-2cac-3af2-a557-557d4fa74d46">
		<BuildDependency Project="ZERO_CHECK.vcxproj"/>
	</Project>
	<Project Path="imgui_lib.vcxproj" Type="8bc9ceb8-8b4a-11d0-8d11-00a0c91bc942" Id="e80edceb-57b6-3798-a405-13e8e04f37c2">
		<BuildDependency Project="_deps/sdl3-build/SDL3-shared.vcxproj"/>
		<BuildDependency Project="ZERO_CHECK.vcxproj"/>
	</Project>
	<Project Path="_deps/sentry-build/crashpad_build/third_party/mini_chromium/mini_chromium.vcxproj" Type="8bc9ceb8-8b4a-11d0-8d11-00a0c91bc942" Id="89011422-80c2-3819-93a6-df14281dee02">
		<BuildDependency Project="ZERO_CHECK.vcxproj"/>
	</Project>
	<Project Path="_deps/sentry-build/sentry.vcxproj" Type="8bc9ceb8-8b4a-11d0-8d11-00a0c91bc942" Id="e1f80c3b-3962-3cec-9a7d-a0824c95147f">
		<BuildDependency Project="ZERO_CHECK.vcxproj"/>
		<BuildDependency Project="_deps/sentry-build/crashpad_build/client/crashpad_client.vcxproj"/>
		<BuildDependency Project="_deps/sentry-build/crashpad_build/compat/crashpad_compat.vcxproj"/>
		<BuildDependency Project="_deps/sentry-build/crashpad_build/handler/crashpad_handler.vcxproj"/>
		<BuildDependency Project="_deps/sentry-build/crashpad_build/third_party/mpack/crashpad_mpack.vcxproj"/>
		<BuildDependency Project="_deps/sentry-build/crashpad_build/util/crashpad_util.vcxproj"/>
		<BuildDependency Project="_deps/sentry-build/crashpad_build/handler/crashpad_wer.vcxproj"/>
		<BuildDependency Project="_deps/sentry-build/crashpad_build/third_party/zlib/crashpad_zlib.vcxproj"/>
		<BuildDependency Project="_deps/sentry-build/crashpad_build/third_party/mini_chromium/mini_chromium.vcxproj"/>
	</Project>
	<Folder Name="/CMakePredefinedTargets/">
		<Project Path="ALL_BUILD.vcxproj" Type="8bc9ceb8-8b4a-11d0-8d11-00a0c91bc942" Id="3162b133-4b3c-3088-97ce-fff18645ab9f" DefaultStartup="true">
			<BuildDependency Project="Kalamari.vcxproj"/>
			<BuildDependency Project="_deps/sdl3-build/SDL3-shared.vcxproj"/>
			<BuildDependency Project="_deps/sdl3-build/SDL3_test.vcxproj"/>
			<BuildDependency Project="_deps/sdl3-build/SDL_uclibc.vcxproj"/>
			<BuildDependency Project="ZERO_CHECK.vcxproj"/>
			<BuildDependency Project="_deps/sentry-build/crashpad_build/client/crashpad_client.vcxproj"/>
			<BuildDependency Project="_deps/sentry-build/crashpad_build/compat/crashpad_compat.vcxproj"/>
			<BuildDependency Project="_deps/sentry-build/crashpad_build/third_party/getopt/crashpad_getopt.vcxproj"/>
			<BuildDependency Project="_deps/sentry-build/crashpad_build/handler/crashpad_handler.vcxproj"/>
			<BuildDependency Project="_deps/sentry-build/crashpad_build/handler/crashpad_handler_lib.vcxproj"/>
			<BuildDependency Project="_deps/sentry-build/crashpad_build/minidump/crashpad_minidump.vcxproj"/>
			<BuildDependency Project="_deps/sentry-build/crashpad_build/third_party/mpack/crashpad_mpack.vcxproj"/>
			<BuildDependency Project="_deps/sentry-build/crashpad_build/snapshot/crashpad_snapshot.vcxproj"/>
			<BuildDependency Project="_deps/sentry-build/crashpad_build/tools/crashpad_tools.vcxproj"/>
			<BuildDependency Project="_deps/sentry-build/crashpad_build/util/crashpad_util.vcxproj"/>
			<BuildDependency Project="_deps/sentry-build/crashpad_build/handler/crashpad_wer.vcxproj"/>
			<BuildDependency Project="_deps/sentry-build/crashpad_build/third_party/zlib/crashpad_zlib.vcxproj"/>
			<BuildDependency Project="imgui_lib.vcxproj"/>
			<BuildDependency Project="_deps/sentry-build/crashpad_build/third_party/mini_chromium/mini_chromium.vcxproj"/>
			<BuildDependency Project="_deps/sentry-build/sentry.vcxproj"/>
		</Project>
		<Project Path="INSTALL.vcxproj" Type="8bc9ceb8-8b4a-11d0-8d11-00a0c91bc942" Id="aca48332-8f8c-3c2e-a808-5f755f3fe0c8">
			<BuildDependency Project="ALL_BUILD.vcxproj"/>
			<BuildDependency Project="ZERO_CHECK.vcxproj"/>
			<Build Solution="Debug|*" Project="false"/>
			<Build Solution="Release|*" Project="false"/>
			<Build Solution="MinSizeRel|*" Project="false"/>
			<Build Solution="RelWithDebInfo|*" Project="false"/>
		</Project>
		<Project Path="PACKAGE.vcxproj" Type="8bc9ceb8-8b4a-11d0-8d11-00a0c91bc942" Id="26d2f9b8-29dc-32e9-9d73-2c63e09709c2">
			<BuildDependency Project="ALL_BUILD.vcxproj"/>
			<BuildDependency Project="ZERO_CHECK.vcxproj"/>
			<Build Solution="Debug|*" Project="false"/>
			<Build Solution="Release|*" Project="false"/>
			<Build Solution="MinSizeRel|*" Project="false"/>
			<Build Solution="RelWithDebInfo|*" Project="false"/>
		</Project>
		<Project Path="ZERO_CHECK.vcxproj" Type="8bc9ceb8-8b4a-11d0-8d11-00a0c91bc942" Id="c2d0f07d-9a4d-3887-a8cf-6b5034e80426"/>
	</Folder>
</Solution>
